// !$*UTF8*$!
{
	archiveVersion = 1;
	classes = {
	};
	objectVersion = 46;
	objects = {

/* Begin PBXBuildFile section */
		F9516189199978F200CA9F66 /* CardMatchingGame.swift in Sources */ = {isa = PBXBuildFile; fileRef = F9516188199978F200CA9F66 /* CardMatchingGame.swift */; };
		F96444DA1997C16200105347 /* AppDelegate.swift in Sources */ = {isa = PBXBuildFile; fileRef = F96444D91997C16200105347 /* AppDelegate.swift */; };
		F96444DC1997C16200105347 /* ViewController.swift in Sources */ = {isa = PBXBuildFile; fileRef = F96444DB1997C16200105347 /* ViewController.swift */; };
		F96444DF1997C16200105347 /* Main.storyboard in Resources */ = {isa = PBXBuildFile; fileRef = F96444DD1997C16200105347 /* Main.storyboard */; };
		F96444E11997C16200105347 /* Images.xcassets in Resources */ = {isa = PBXBuildFile; fileRef = F96444E01997C16200105347 /* Images.xcassets */; };
		F96444ED1997C16200105347 /* MatchismoTests.swift in Sources */ = {isa = PBXBuildFile; fileRef = F96444EC1997C16200105347 /* MatchismoTests.swift */; };
		F98679D9199830EF004A08BB /* Card.swift in Sources */ = {isa = PBXBuildFile; fileRef = F98679D8199830EF004A08BB /* Card.swift */; };
		F98679DD19983194004A08BB /* PlayingCard.swift in Sources */ = {isa = PBXBuildFile; fileRef = F98679DC19983194004A08BB /* PlayingCard.swift */; };
		F98679DF199831B3004A08BB /* Deck.swift in Sources */ = {isa = PBXBuildFile; fileRef = F98679DE199831B3004A08BB /* Deck.swift */; };
		F98679E119983217004A08BB /* PlayingCardDeck.swift in Sources */ = {isa = PBXBuildFile; fileRef = F98679E019983217004A08BB /* PlayingCardDeck.swift */; };
		F9F5EAAF199FC7C8008C4757 /* SetViewController.swift in Sources */ = {isa = PBXBuildFile; fileRef = F9F5EAAE199FC7C8008C4757 /* SetViewController.swift */; };
		F9F5EAB1199FCA29008C4757 /* SetFindingGame.swift in Sources */ = {isa = PBXBuildFile; fileRef = F9F5EAB0199FCA29008C4757 /* SetFindingGame.swift */; };
		F9F5EAB3199FCB72008C4757 /* SetCard.swift in Sources */ = {isa = PBXBuildFile; fileRef = F9F5EAB2199FCB72008C4757 /* SetCard.swift */; };
		F9F5EAB5199FCBC4008C4757 /* SetDeck.swift in Sources */ = {isa = PBXBuildFile; fileRef = F9F5EAB4199FCBC4008C4757 /* SetDeck.swift */; };
		F9F5EAB719A0C6B6008C4757 /* Iphone4.storyboard in Resources */ = {isa = PBXBuildFile; fileRef = F9F5EAB619A0C6B6008C4757 /* Iphone4.storyboard */; };
		F9F5EABB19A0D98E008C4757 /* HistoryViewController.swift in Sources */ = {isa = PBXBuildFile; fileRef = F9F5EABA19A0D98E008C4757 /* HistoryViewController.swift */; };
		F9F5EABD19A138D7008C4757 /* MatchResults.swift in Sources */ = {isa = PBXBuildFile; fileRef = F9F5EABC19A138D7008C4757 /* MatchResults.swift */; };
/* End PBXBuildFile section */

/* Begin PBXContainerItemProxy section */
		F96444E71997C16200105347 /* PBXContainerItemProxy */ = {
			isa = PBXContainerItemProxy;
			containerPortal = F96444CC1997C16200105347 /* Project object */;
			proxyType = 1;
			remoteGlobalIDString = F96444D31997C16200105347;
			remoteInfo = Matchismo;
		};
/* End PBXContainerItemProxy section */

/* Begin PBXFileReference section */
		F951618719994A1200CA9F66 /* MyPlayground.playground */ = {isa = PBXFileReference; lastKnownFileType = file.playground; path = MyPlayground.playground; sourceTree = "<group>"; };
		F9516188199978F200CA9F66 /* CardMatchingGame.swift */ = {isa = PBXFileReference; fileEncoding = 4; lastKnownFileType = sourcecode.swift; name = CardMatchingGame.swift; path = Model/CardMatchingGame.swift; sourceTree = "<group>"; };
		F96444D41997C16200105347 /* Matchismo.app */ = {isa = PBXFileReference; explicitFileType = wrapper.application; includeInIndex = 0; path = Matchismo.app; sourceTree = BUILT_PRODUCTS_DIR; };
		F96444D81997C16200105347 /* Info.plist */ = {isa = PBXFileReference; lastKnownFileType = text.plist.xml; path = Info.plist; sourceTree = "<group>"; };
		F96444D91997C16200105347 /* AppDelegate.swift */ = {isa = PBXFileReference; lastKnownFileType = sourcecode.swift; path = AppDelegate.swift; sourceTree = "<group>"; };
		F96444DB1997C16200105347 /* ViewController.swift */ = {isa = PBXFileReference; lastKnownFileType = sourcecode.swift; path = ViewController.swift; sourceTree = "<group>"; };
		F96444DE1997C16200105347 /* Base */ = {isa = PBXFileReference; lastKnownFileType = file.storyboard; name = Base; path = Base.lproj/Main.storyboard; sourceTree = "<group>"; };
		F96444E01997C16200105347 /* Images.xcassets */ = {isa = PBXFileReference; lastKnownFileType = folder.assetcatalog; path = Images.xcassets; sourceTree = "<group>"; };
		F96444E61997C16200105347 /* MatchismoTests.xctest */ = {isa = PBXFileReference; explicitFileType = wrapper.cfbundle; includeInIndex = 0; path = MatchismoTests.xctest; sourceTree = BUILT_PRODUCTS_DIR; };
		F96444EB1997C16200105347 /* Info.plist */ = {isa = PBXFileReference; lastKnownFileType = text.plist.xml; path = Info.plist; sourceTree = "<group>"; };
		F96444EC1997C16200105347 /* MatchismoTests.swift */ = {isa = PBXFileReference; lastKnownFileType = sourcecode.swift; path = MatchismoTests.swift; sourceTree = "<group>"; };
		F98679D8199830EF004A08BB /* Card.swift */ = {isa = PBXFileReference; fileEncoding = 4; lastKnownFileType = sourcecode.swift; name = Card.swift; path = Model/Card.swift; sourceTree = "<group>"; };
		F98679DC19983194004A08BB /* PlayingCard.swift */ = {isa = PBXFileReference; fileEncoding = 4; lastKnownFileType = sourcecode.swift; name = PlayingCard.swift; path = Model/PlayingCard.swift; sourceTree = "<group>"; };
		F98679DE199831B3004A08BB /* Deck.swift */ = {isa = PBXFileReference; fileEncoding = 4; lastKnownFileType = sourcecode.swift; name = Deck.swift; path = Model/Deck.swift; sourceTree = "<group>"; };
		F98679E019983217004A08BB /* PlayingCardDeck.swift */ = {isa = PBXFileReference; fileEncoding = 4; lastKnownFileType = sourcecode.swift; name = PlayingCardDeck.swift; path = Model/PlayingCardDeck.swift; sourceTree = "<group>"; };
		F9F5EAAE199FC7C8008C4757 /* SetViewController.swift */ = {isa = PBXFileReference; fileEncoding = 4; lastKnownFileType = sourcecode.swift; path = SetViewController.swift; sourceTree = "<group>"; };
		F9F5EAB0199FCA29008C4757 /* SetFindingGame.swift */ = {isa = PBXFileReference; fileEncoding = 4; lastKnownFileType = sourcecode.swift; name = SetFindingGame.swift; path = Model/SetFindingGame.swift; sourceTree = "<group>"; };
		F9F5EAB2199FCB72008C4757 /* SetCard.swift */ = {isa = PBXFileReference; fileEncoding = 4; lastKnownFileType = sourcecode.swift; name = SetCard.swift; path = Model/SetCard.swift; sourceTree = "<group>"; };
		F9F5EAB4199FCBC4008C4757 /* SetDeck.swift */ = {isa = PBXFileReference; fileEncoding = 4; lastKnownFileType = sourcecode.swift; name = SetDeck.swift; path = Model/SetDeck.swift; sourceTree = "<group>"; };
		F9F5EAB619A0C6B6008C4757 /* Iphone4.storyboard */ = {isa = PBXFileReference; fileEncoding = 4; lastKnownFileType = file.storyboard; path = Iphone4.storyboard; sourceTree = "<group>"; };
		F9F5EABA19A0D98E008C4757 /* HistoryViewController.swift */ = {isa = PBXFileReference; fileEncoding = 4; lastKnownFileType = sourcecode.swift; path = HistoryViewController.swift; sourceTree = "<group>"; };
		F9F5EABC19A138D7008C4757 /* MatchResults.swift */ = {isa = PBXFileReference; fileEncoding = 4; lastKnownFileType = sourcecode.swift; name = MatchResults.swift; path = Model/MatchResults.swift; sourceTree = "<group>"; };
/* End PBXFileReference section */

/* Begin PBXFrameworksBuildPhase section */
		F96444D11997C16200105347 /* Frameworks */ = {
			isa = PBXFrameworksBuildPhase;
			buildActionMask = 2147483647;
			files = (
			);
			runOnlyForDeploymentPostprocessing = 0;
		};
		F96444E31997C16200105347 /* Frameworks */ = {
			isa = PBXFrameworksBuildPhase;
			buildActionMask = 2147483647;
			files = (
			);
			runOnlyForDeploymentPostprocessing = 0;
		};
/* End PBXFrameworksBuildPhase section */

/* Begin PBXGroup section */
		F96444CB1997C16200105347 = {
			isa = PBXGroup;
			children = (
				F96444D61997C16200105347 /* Matchismo */,
				F96444D51997C16200105347 /* Products */,
				F96444E91997C16200105347 /* MatchismoTests */,
			);
			sourceTree = "<group>";
		};
		F96444D51997C16200105347 /* Products */ = {
			isa = PBXGroup;
			children = (
				F96444D41997C16200105347 /* Matchismo.app */,
				F96444E61997C16200105347 /* MatchismoTests.xctest */,
			);
			name = Products;
			sourceTree = "<group>";
		};
		F96444D61997C16200105347 /* Matchismo */ = {
			isa = PBXGroup;
			children = (
				F96444DB1997C16200105347 /* ViewController.swift */,
				F9F5EAAE199FC7C8008C4757 /* SetViewController.swift */,
				F9F5EABA19A0D98E008C4757 /* HistoryViewController.swift */,
				F96444DD1997C16200105347 /* Main.storyboard */,
				F96444E01997C16200105347 /* Images.xcassets */,
				F96444D71997C16200105347 /* Supporting Files */,
				F98679DB19983100004A08BB /* Model */,
				F951618719994A1200CA9F66 /* MyPlayground.playground */,
				F9F5EAB619A0C6B6008C4757 /* Iphone4.storyboard */,
			);
			path = Matchismo;
			sourceTree = "<group>";
		};
		F96444D71997C16200105347 /* Supporting Files */ = {
			isa = PBXGroup;
			children = (
				F96444D91997C16200105347 /* AppDelegate.swift */,
				F96444D81997C16200105347 /* Info.plist */,
			);
			name = "Supporting Files";
			sourceTree = "<group>";
		};
		F96444E91997C16200105347 /* MatchismoTests */ = {
			isa = PBXGroup;
			children = (
				F96444EC1997C16200105347 /* MatchismoTests.swift */,
				F96444EA1997C16200105347 /* Supporting Files */,
			);
			path = MatchismoTests;
			sourceTree = "<group>";
		};
		F96444EA1997C16200105347 /* Supporting Files */ = {
			isa = PBXGroup;
			children = (
				F96444EB1997C16200105347 /* Info.plist */,
			);
			name = "Supporting Files";
			sourceTree = "<group>";
		};
		F98679DB19983100004A08BB /* Model */ = {
			isa = PBXGroup;
			children = (
				F98679D8199830EF004A08BB /* Card.swift */,
				F98679DC19983194004A08BB /* PlayingCard.swift */,
				F98679DE199831B3004A08BB /* Deck.swift */,
				F98679E019983217004A08BB /* PlayingCardDeck.swift */,
				F9516188199978F200CA9F66 /* CardMatchingGame.swift */,
				F9F5EAB0199FCA29008C4757 /* SetFindingGame.swift */,
				F9F5EAB2199FCB72008C4757 /* SetCard.swift */,
				F9F5EAB4199FCBC4008C4757 /* SetDeck.swift */,
				F9F5EABC19A138D7008C4757 /* MatchResults.swift */,
			);
			name = Model;
			sourceTree = "<group>";
		};
/* End PBXGroup section */

/* Begin PBXNativeTarget section */
		F96444D31997C16200105347 /* Matchismo */ = {
			isa = PBXNativeTarget;
			buildConfigurationList = F96444F01997C16200105347 /* Build configuration list for PBXNativeTarget "Matchismo" */;
			buildPhases = (
				F96444D01997C16200105347 /* Sources */,
				F96444D11997C16200105347 /* Frameworks */,
				F96444D21997C16200105347 /* Resources */,
			);
			buildRules = (
			);
			dependencies = (
			);
			name = Matchismo;
			productName = Matchismo;
			productReference = F96444D41997C16200105347 /* Matchismo.app */;
			productType = "com.apple.product-type.application";
		};
		F96444E51997C16200105347 /* MatchismoTests */ = {
			isa = PBXNativeTarget;
			buildConfigurationList = F96444F31997C16200105347 /* Build configuration list for PBXNativeTarget "MatchismoTests" */;
			buildPhases = (
				F96444E21997C16200105347 /* Sources */,
				F96444E31997C16200105347 /* Frameworks */,
				F96444E41997C16200105347 /* Resources */,
			);
			buildRules = (
			);
			dependencies = (
				F96444E81997C16200105347 /* PBXTargetDependency */,
			);
			name = MatchismoTests;
			productName = MatchismoTests;
			productReference = F96444E61997C16200105347 /* MatchismoTests.xctest */;
			productType = "com.apple.product-type.bundle.unit-test";
		};
/* End PBXNativeTarget section */

/* Begin PBXProject section */
		F96444CC1997C16200105347 /* Project object */ = {
			isa = PBXProject;
			attributes = {
				LastUpgradeCheck = 0600;
				ORGANIZATIONNAME = "Karol Baginski";
				TargetAttributes = {
					F96444D31997C16200105347 = {
						CreatedOnToolsVersion = 6.0;
					};
					F96444E51997C16200105347 = {
						CreatedOnToolsVersion = 6.0;
						TestTargetID = F96444D31997C16200105347;
					};
				};
			};
			buildConfigurationList = F96444CF1997C16200105347 /* Build configuration list for PBXProject "Matchismo" */;
			compatibilityVersion = "Xcode 3.2";
			developmentRegion = English;
			hasScannedForEncodings = 0;
			knownRegions = (
				en,
				Base,
			);
			mainGroup = F96444CB1997C16200105347;
			productRefGroup = F96444D51997C16200105347 /* Products */;
			projectDirPath = "";
			projectRoot = "";
			targets = (
				F96444D31997C16200105347 /* Matchismo */,
				F96444E51997C16200105347 /* MatchismoTests */,
			);
		};
/* End PBXProject section */

/* Begin PBXResourcesBuildPhase section */
		F96444D21997C16200105347 /* Resources */ = {
			isa = PBXResourcesBuildPhase;
			buildActionMask = 2147483647;
			files = (
				F96444DF1997C16200105347 /* Main.storyboard in Resources */,
				F9F5EAB719A0C6B6008C4757 /* Iphone4.storyboard in Resources */,
				F96444E11997C16200105347 /* Images.xcassets in Resources */,
			);
			runOnlyForDeploymentPostprocessing = 0;
		};
		F96444E41997C16200105347 /* Resources */ = {
			isa = PBXResourcesBuildPhase;
			buildActionMask = 2147483647;
			files = (
			);
			runOnlyForDeploymentPostprocessing = 0;
		};
/* End PBXResourcesBuildPhase section */

/* Begin PBXSourcesBuildPhase section */
		F96444D01997C16200105347 /* Sources */ = {
			isa = PBXSourcesBuildPhase;
			buildActionMask = 2147483647;
			files = (
				F9F5EAB3199FCB72008C4757 /* SetCard.swift in Sources */,
				F9F5EAB5199FCBC4008C4757 /* SetDeck.swift in Sources */,
				F96444DC1997C16200105347 /* ViewController.swift in Sources */,
				F9F5EABB19A0D98E008C4757 /* HistoryViewController.swift in Sources */,
				F98679D9199830EF004A08BB /* Card.swift in Sources */,
				F9F5EABD19A138D7008C4757 /* MatchResults.swift in Sources */,
				F98679DF199831B3004A08BB /* Deck.swift in Sources */,
				F9516189199978F200CA9F66 /* CardMatchingGame.swift in Sources */,
				F98679E119983217004A08BB /* PlayingCardDeck.swift in Sources */,
				F9F5EAAF199FC7C8008C4757 /* SetViewController.swift in Sources */,
				F98679DD19983194004A08BB /* PlayingCard.swift in Sources */,
				F9F5EAB1199FCA29008C4757 /* SetFindingGame.swift in Sources */,
				F96444DA1997C16200105347 /* AppDelegate.swift in Sources */,
			);
			runOnlyForDeploymentPostprocessing = 0;
		};
		F96444E21997C16200105347 /* Sources */ = {
			isa = PBXSourcesBuildPhase;
			buildActionMask = 2147483647;
			files = (
				F96444ED1997C16200105347 /* MatchismoTests.swift in Sources */,
			);
			runOnlyForDeploymentPostprocessing = 0;
		};
/* End PBXSourcesBuildPhase section */

/* Begin PBXTargetDependency section */
		F96444E81997C16200105347 /* PBXTargetDependency */ = {
			isa = PBXTargetDependency;
			target = F96444D31997C16200105347 /* Matchismo */;
			targetProxy = F96444E71997C16200105347 /* PBXContainerItemProxy */;
		};
/* End PBXTargetDependency section */

/* Begin PBXVariantGroup section */
		F96444DD1997C16200105347 /* Main.storyboard */ = {
			isa = PBXVariantGroup;
			children = (
				F96444DE1997C16200105347 /* Base */,
			);
			name = Main.storyboard;
			sourceTree = "<group>";
		};
/* End PBXVariantGroup section */

/* Begin XCBuildConfiguration section */
		F96444EE1997C16200105347 /* Debug */ = {
			isa = XCBuildConfiguration;
			buildSettings = {
				ALWAYS_SEARCH_USER_PATHS = NO;
				CLANG_CXX_LANGUAGE_STANDARD = "gnu++0x";
				CLANG_CXX_LIBRARY = "libc++";
				CLANG_ENABLE_MODULES = YES;
				CLANG_ENABLE_OBJC_ARC = YES;
				CLANG_WARN_BOOL_CONVERSION = YES;
				CLANG_WARN_CONSTANT_CONVERSION = YES;
				CLANG_WARN_DIRECT_OBJC_ISA_USAGE = YES_ERROR;
				CLANG_WARN_EMPTY_BODY = YES;
				CLANG_WARN_ENUM_CONVERSION = YES;
				CLANG_WARN_INT_CONVERSION = YES;
				CLANG_WARN_OBJC_ROOT_CLASS = YES_ERROR;
				CLANG_WARN_UNREACHABLE_CODE = YES;
				CLANG_WARN__DUPLICATE_METHOD_MATCH = YES;
				"CODE_SIGN_IDENTITY[sdk=iphoneos*]" = "iPhone Developer";
				COPY_PHASE_STRIP = NO;
				ENABLE_STRICT_OBJC_MSGSEND = YES;
				GCC_C_LANGUAGE_STANDARD = gnu99;
				GCC_DYNAMIC_NO_PIC = NO;
				GCC_OPTIMIZATION_LEVEL = 0;
				GCC_PREPROCESSOR_DEFINITIONS = (
					"DEBUG=1",
					"$(inherited)",
				);
				GCC_SYMBOLS_PRIVATE_EXTERN = NO;
				GCC_WARN_64_TO_32_BIT_CONVERSION = YES;
				GCC_WARN_ABOUT_RETURN_TYPE = YES_ERROR;
				GCC_WARN_UNDECLARED_SELECTOR = YES;
				GCC_WARN_UNINITIALIZED_AUTOS = YES_AGGRESSIVE;
				GCC_WARN_UNUSED_FUNCTION = YES;
				GCC_WARN_UNUSED_VARIABLE = YES;
				IPHONEOS_DEPLOYMENT_TARGET = 8.0;
				MTL_ENABLE_DEBUG_INFO = YES;
				ONLY_ACTIVE_ARCH = YES;
				SDKROOT = iphoneos;
				SWIFT_OPTIMIZATION_LEVEL = "-Onone";
			};
			name = Debug;
		};
		F96444EF1997C16200105347 /* Release */ = {
			isa = XCBuildConfiguration;
			buildSettings = {
				ALWAYS_SEARCH_USER_PATHS = NO;
				CLANG_CXX_LANGUAGE_STANDARD = "gnu++0x";
				CLANG_CXX_LIBRARY = "libc++";
				CLANG_ENABLE_MODULES = YES;
				CLANG_ENABLE_OBJC_ARC = YES;
				CLANG_WARN_BOOL_CONVERSION = YES;
				CLANG_WARN_CONSTANT_CONVERSION = YES;
				CLANG_WARN_DIRECT_OBJC_ISA_USAGE = YES_ERROR;
				CLANG_WARN_EMPTY_BODY = YES;
				CLANG_WARN_ENUM_CONVERSION = YES;
				CLANG_WARN_INT_CONVERSION = YES;
				CLANG_WARN_OBJC_ROOT_CLASS = YES_ERROR;
				CLANG_WARN_UNREACHABLE_CODE = YES;
				CLANG_WARN__DUPLICATE_METHOD_MATCH = YES;
				"CODE_SIGN_IDENTITY[sdk=iphoneos*]" = "iPhone Developer";
				COPY_PHASE_STRIP = YES;
				ENABLE_NS_ASSERTIONS = NO;
				ENABLE_STRICT_OBJC_MSGSEND = YES;
				GCC_C_LANGUAGE_STANDARD = gnu99;
				GCC_WARN_64_TO_32_BIT_CONVERSION = YES;
				GCC_WARN_ABOUT_RETURN_TYPE = YES_ERROR;
				GCC_WARN_UNDECLARED_SELECTOR = YES;
				GCC_WARN_UNINITIALIZED_AUTOS = YES_AGGRESSIVE;
				GCC_WARN_UNUSED_FUNCTION = YES;
				GCC_WARN_UNUSED_VARIABLE = YES;
				IPHONEOS_DEPLOYMENT_TARGET = 8.0;
				MTL_ENABLE_DEBUG_INFO = NO;
				SDKROOT = iphoneos;
				VALIDATE_PRODUCT = YES;
			};
			name = Release;
		};
		F96444F11997C16200105347 /* Debug */ = {
			isa = XCBuildConfiguration;
			buildSettings = {
				ASSETCATALOG_COMPILER_APPICON_NAME = AppIcon;
				ASSETCATALOG_COMPILER_LAUNCHIMAGE_NAME = LaunchImage;
				INFOPLIST_FILE = Matchismo/Info.plist;
				IPHONEOS_DEPLOYMENT_TARGET = 7.1;
				LD_RUNPATH_SEARCH_PATHS = "$(inherited) @executable_path/Frameworks";
				PRODUCT_NAME = "$(TARGET_NAME)";
			};
			name = Debug;
		};
		F96444F21997C16200105347 /* Release */ = {
			isa = XCBuildConfiguration;
			buildSettings = {
				ASSETCATALOG_COMPILER_APPICON_NAME = AppIcon;
				ASSETCATALOG_COMPILER_LAUNCHIMAGE_NAME = LaunchImage;
				INFOPLIST_FILE = Matchismo/Info.plist;
				IPHONEOS_DEPLOYMENT_TARGET = 7.1;
				LD_RUNPATH_SEARCH_PATHS = "$(inherited) @executable_path/Frameworks";
				PRODUCT_NAME = "$(TARGET_NAME)";
			};
			name = Release;
		};
		F96444F41997C16200105347 /* Debug */ = {
			isa = XCBuildConfiguration;
			buildSettings = {
				BUNDLE_LOADER = "$(TEST_HOST)";
				FRAMEWORK_SEARCH_PATHS = (
					"$(SDKROOT)/Developer/Library/Frameworks",
					"$(inherited)",
				);
				GCC_PREPROCESSOR_DEFINITIONS = (
					"DEBUG=1",
					"$(inherited)",
				);
				INFOPLIST_FILE = MatchismoTests/Info.plist;
				LD_RUNPATH_SEARCH_PATHS = "$(inherited) @executable_path/Frameworks @loader_path/Frameworks";
				PRODUCT_NAME = "$(TARGET_NAME)";
				TEST_HOST = "$(BUILT_PRODUCTS_DIR)/Matchismo.app/Matchismo";
			};
			name = Debug;
		};
		F96444F51997C16200105347 /* Release */ = {
			isa = XCBuildConfiguration;
			buildSettings = {
				BUNDLE_LOADER = "$(TEST_HOST)";
				FRAMEWORK_SEARCH_PATHS = (
					"$(SDKROOT)/Developer/Library/Frameworks",
					"$(inherited)",
				);
				INFOPLIST_FILE = MatchismoTests/Info.plist;
				LD_RUNPATH_SEARCH_PATHS = "$(inherited) @executable_path/Frameworks @loader_path/Frameworks";
				PRODUCT_NAME = "$(TARGET_NAME)";
				TEST_HOST = "$(BUILT_PRODUCTS_DIR)/Matchismo.app/Matchismo";
			};
			name = Release;
		};
/* End XCBuildConfiguration section */

/* Begin XCConfigurationList section */
		F96444CF1997C16200105347 /* Build configuration list for PBXProject "Matchismo" */ = {
			isa = XCConfigurationList;
			buildConfigurations = (
				F96444EE1997C16200105347 /* Debug */,
				F96444EF1997C16200105347 /* Release */,
			);
			defaultConfigurationIsVisible = 0;
			defaultConfigurationName = Release;
		};
		F96444F01997C16200105347 /* Build configuration list for PBXNativeTarget "Matchismo" */ = {
			isa = XCConfigurationList;
			buildConfigurations = (
				F96444F11997C16200105347 /* Debug */,
				F96444F21997C16200105347 /* Release */,
			);
			defaultConfigurationIsVisible = 0;
			defaultConfigurationName = Release;
		};
		F96444F31997C16200105347 /* Build configuration list for PBXNativeTarget "MatchismoTests" */ = {
			isa = XCConfigurationList;
			buildConfigurations = (
				F96444F41997C16200105347 /* Debug */,
				F96444F51997C16200105347 /* Release */,
			);
			defaultConfigurationIsVisible = 0;
			defaultConfigurationName = Release;
		};
/* End XCConfigurationList section */
	};
	rootObject = F96444CC1997C16200105347 /* Project object */;
}
